
Microsoft Visual Studio Solution File, Format Version 12.00
# Visual Studio Version 17
VisualStudioVersion = 17.4.33403.182
MinimumVisualStudioVersion = 10.0.40219.1
Project("{FAE04EC0-301F-11D3-BF4B-00C04F79EFBC}") = "Practical4", "Practical4\Practical4.csproj", "{23F25A6E-CAF9-4BDA-B9CF-9377BA7FB119}"
EndProject
Global
	GlobalSection(SolutionConfigurationPlatforms) = preSolution
		Debug|Any CPU = Debug|Any CPU
		Release|Any CPU = Release|Any CPU
	EndGlobalSection
	GlobalSection(ProjectConfigurationPlatforms) = postSolution
		{23F25A6E-CAF9-4BDA-B9CF-9377BA7FB119}.Debug|Any CPU.ActiveCfg = Debug|Any CPU
		{23F25A6E-CAF9-4BDA-B9CF-9377BA7FB119}.Debug|Any CPU.Build.0 = Debug|Any CPU
		{23F25A6E-CAF9-4BDA-B9CF-9377BA7FB119}.Release|Any CPU.ActiveCfg = Release|Any CPU
		{23F25A6E-CAF9-4BDA-B9CF-9377BA7FB119}.Release|Any CPU.Build.0 = Release|Any CPU
	EndGlobalSection
	GlobalSection(SolutionProperties) = preSolution
		HideSolutionNode = FALSE
	EndGlobalSection
	GlobalSection(ExtensibilityGlobals) = postSolution
		SolutionGuid = {A2D32188-7CDD-4B3D-8DF7-728E98C85083}
	EndGlobalSection
EndGlobal
