
Microsoft Visual Studio Solution File, Format Version 12.00
# Visual Studio Version 17
VisualStudioVersion = 17.4.33403.182
MinimumVisualStudioVersion = 10.0.40219.1
Project("{FAE04EC0-301F-11D3-BF4B-00C04F79EFBC}") = "Polymorphism_Overriding", "Polymorphism_Overriding\Polymorphism_Overriding.csproj", "{196ABB71-A04E-4398-A570-E1E9AD61B7E4}"
EndProject
Global
	GlobalSection(SolutionConfigurationPlatforms) = preSolution
		Debug|Any CPU = Debug|Any CPU
		Release|Any CPU = Release|Any CPU
	EndGlobalSection
	GlobalSection(ProjectConfigurationPlatforms) = postSolution
		{196ABB71-A04E-4398-A570-E1E9AD61B7E4}.Debug|Any CPU.ActiveCfg = Debug|Any CPU
		{196ABB71-A04E-4398-A570-E1E9AD61B7E4}.Debug|Any CPU.Build.0 = Debug|Any CPU
		{196ABB71-A04E-4398-A570-E1E9AD61B7E4}.Release|Any CPU.ActiveCfg = Release|Any CPU
		{196ABB71-A04E-4398-A570-E1E9AD61B7E4}.Release|Any CPU.Build.0 = Release|Any CPU
	EndGlobalSection
	GlobalSection(SolutionProperties) = preSolution
		HideSolutionNode = FALSE
	EndGlobalSection
	GlobalSection(ExtensibilityGlobals) = postSolution
		SolutionGuid = {240FF9FC-AEB1-4510-A9F0-CDB6A8F00D6D}
	EndGlobalSection
EndGlobal
