
Microsoft Visual Studio Solution File, Format Version 12.00
# Visual Studio Version 17
VisualStudioVersion = 17.4.33403.182
MinimumVisualStudioVersion = 10.0.40219.1
Project("{FAE04EC0-301F-11D3-BF4B-00C04F79EFBC}") = "types_of_polymorphism", "types_of_polymorphism\types_of_polymorphism.csproj", "{90F91D33-CF68-4CE7-937B-F696E30E1BF0}"
EndProject
Global
	GlobalSection(SolutionConfigurationPlatforms) = preSolution
		Debug|Any CPU = Debug|Any CPU
		Release|Any CPU = Release|Any CPU
	EndGlobalSection
	GlobalSection(ProjectConfigurationPlatforms) = postSolution
		{90F91D33-CF68-4CE7-937B-F696E30E1BF0}.Debug|Any CPU.ActiveCfg = Debug|Any CPU
		{90F91D33-CF68-4CE7-937B-F696E30E1BF0}.Debug|Any CPU.Build.0 = Debug|Any CPU
		{90F91D33-CF68-4CE7-937B-F696E30E1BF0}.Release|Any CPU.ActiveCfg = Release|Any CPU
		{90F91D33-CF68-4CE7-937B-F696E30E1BF0}.Release|Any CPU.Build.0 = Release|Any CPU
	EndGlobalSection
	GlobalSection(SolutionProperties) = preSolution
		HideSolutionNode = FALSE
	EndGlobalSection
	GlobalSection(ExtensibilityGlobals) = postSolution
		SolutionGuid = {0FDF97E5-E409-4E8B-9B10-D6FF1B7DF519}
	EndGlobalSection
EndGlobal
