
Microsoft Visual Studio Solution File, Format Version 12.00
# Visual Studio Version 17
VisualStudioVersion = 17.5.33414.496
MinimumVisualStudioVersion = 10.0.40219.1
Project("{FAE04EC0-301F-11D3-BF4B-00C04F79EFBC}") = "extratask1", "extratask1\extratask1.csproj", "{4C049DC8-C777-4E24-B327-102565CEF7A4}"
EndProject
Global
	GlobalSection(SolutionConfigurationPlatforms) = preSolution
		Debug|Any CPU = Debug|Any CPU
		Release|Any CPU = Release|Any CPU
	EndGlobalSection
	GlobalSection(ProjectConfigurationPlatforms) = postSolution
		{4C049DC8-C777-4E24-B327-102565CEF7A4}.Debug|Any CPU.ActiveCfg = Debug|Any CPU
		{4C049DC8-C777-4E24-B327-102565CEF7A4}.Debug|Any CPU.Build.0 = Debug|Any CPU
		{4C049DC8-C777-4E24-B327-102565CEF7A4}.Release|Any CPU.ActiveCfg = Release|Any CPU
		{4C049DC8-C777-4E24-B327-102565CEF7A4}.Release|Any CPU.Build.0 = Release|Any CPU
	EndGlobalSection
	GlobalSection(SolutionProperties) = preSolution
		HideSolutionNode = FALSE
	EndGlobalSection
	GlobalSection(ExtensibilityGlobals) = postSolution
		SolutionGuid = {124C6C74-4762-49FE-BB3F-206C0CB89E91}
	EndGlobalSection
EndGlobal
