
Microsoft Visual Studio Solution File, Format Version 12.00
# Visual Studio Version 17
VisualStudioVersion = 17.4.33403.182
MinimumVisualStudioVersion = 10.0.40219.1
Project("{FAE04EC0-301F-11D3-BF4B-00C04F79EFBC}") = "Abstraction", "Abstraction\Abstraction.csproj", "{031A0CBE-3514-46B4-B94E-46CF6C3590F5}"
EndProject
Global
	GlobalSection(SolutionConfigurationPlatforms) = preSolution
		Debug|Any CPU = Debug|Any CPU
		Release|Any CPU = Release|Any CPU
	EndGlobalSection
	GlobalSection(ProjectConfigurationPlatforms) = postSolution
		{031A0CBE-3514-46B4-B94E-46CF6C3590F5}.Debug|Any CPU.ActiveCfg = Debug|Any CPU
		{031A0CBE-3514-46B4-B94E-46CF6C3590F5}.Debug|Any CPU.Build.0 = Debug|Any CPU
		{031A0CBE-3514-46B4-B94E-46CF6C3590F5}.Release|Any CPU.ActiveCfg = Release|Any CPU
		{031A0CBE-3514-46B4-B94E-46CF6C3590F5}.Release|Any CPU.Build.0 = Release|Any CPU
	EndGlobalSection
	GlobalSection(SolutionProperties) = preSolution
		HideSolutionNode = FALSE
	EndGlobalSection
	GlobalSection(ExtensibilityGlobals) = postSolution
		SolutionGuid = {259A7DE7-4899-45D7-B19A-0920080E70CE}
	EndGlobalSection
EndGlobal
