
Microsoft Visual Studio Solution File, Format Version 12.00
# Visual Studio Version 17
VisualStudioVersion = 17.4.33403.182
MinimumVisualStudioVersion = 10.0.40219.1
Project("{FAE04EC0-301F-11D3-BF4B-00C04F79EFBC}") = "Practical8", "Practical8\Practical8.csproj", "{D031B153-5A67-451F-88FD-F6313E740021}"
EndProject
Global
	GlobalSection(SolutionConfigurationPlatforms) = preSolution
		Debug|Any CPU = Debug|Any CPU
		Release|Any CPU = Release|Any CPU
	EndGlobalSection
	GlobalSection(ProjectConfigurationPlatforms) = postSolution
		{D031B153-5A67-451F-88FD-F6313E740021}.Debug|Any CPU.ActiveCfg = Debug|Any CPU
		{D031B153-5A67-451F-88FD-F6313E740021}.Debug|Any CPU.Build.0 = Debug|Any CPU
		{D031B153-5A67-451F-88FD-F6313E740021}.Release|Any CPU.ActiveCfg = Release|Any CPU
		{D031B153-5A67-451F-88FD-F6313E740021}.Release|Any CPU.Build.0 = Release|Any CPU
	EndGlobalSection
	GlobalSection(SolutionProperties) = preSolution
		HideSolutionNode = FALSE
	EndGlobalSection
	GlobalSection(ExtensibilityGlobals) = postSolution
		SolutionGuid = {9FF1335C-8ACC-4157-A000-D281EB5076A1}
	EndGlobalSection
EndGlobal
