
Microsoft Visual Studio Solution File, Format Version 12.00
# Visual Studio Version 17
VisualStudioVersion = 17.4.33403.182
MinimumVisualStudioVersion = 10.0.40219.1
Project("{FAE04EC0-301F-11D3-BF4B-00C04F79EFBC}") = "Practical1(2)_DebuggingApplication", "Practical1(2)_DebuggingApplication\Practical1(2)_DebuggingApplication.csproj", "{9D590CEB-E7ED-4842-92BC-7DF75B5DDD0A}"
EndProject
Global
	GlobalSection(SolutionConfigurationPlatforms) = preSolution
		Debug|Any CPU = Debug|Any CPU
		Release|Any CPU = Release|Any CPU
	EndGlobalSection
	GlobalSection(ProjectConfigurationPlatforms) = postSolution
		{9D590CEB-E7ED-4842-92BC-7DF75B5DDD0A}.Debug|Any CPU.ActiveCfg = Debug|Any CPU
		{9D590CEB-E7ED-4842-92BC-7DF75B5DDD0A}.Debug|Any CPU.Build.0 = Debug|Any CPU
		{9D590CEB-E7ED-4842-92BC-7DF75B5DDD0A}.Release|Any CPU.ActiveCfg = Release|Any CPU
		{9D590CEB-E7ED-4842-92BC-7DF75B5DDD0A}.Release|Any CPU.Build.0 = Release|Any CPU
	EndGlobalSection
	GlobalSection(SolutionProperties) = preSolution
		HideSolutionNode = FALSE
	EndGlobalSection
	GlobalSection(ExtensibilityGlobals) = postSolution
		SolutionGuid = {81FB4050-9475-4130-A704-C51D676F7A5D}
	EndGlobalSection
EndGlobal
