
Microsoft Visual Studio Solution File, Format Version 12.00
# Visual Studio Version 17
VisualStudioVersion = 17.4.33403.182
MinimumVisualStudioVersion = 10.0.40219.1
Project("{FAE04EC0-301F-11D3-BF4B-00C04F79EFBC}") = "lambda_expression", "lambda_expression\lambda_expression.csproj", "{662BF085-0CA5-445A-98C3-4F4FD02E27C4}"
EndProject
Global
	GlobalSection(SolutionConfigurationPlatforms) = preSolution
		Debug|Any CPU = Debug|Any CPU
		Release|Any CPU = Release|Any CPU
	EndGlobalSection
	GlobalSection(ProjectConfigurationPlatforms) = postSolution
		{662BF085-0CA5-445A-98C3-4F4FD02E27C4}.Debug|Any CPU.ActiveCfg = Debug|Any CPU
		{662BF085-0CA5-445A-98C3-4F4FD02E27C4}.Debug|Any CPU.Build.0 = Debug|Any CPU
		{662BF085-0CA5-445A-98C3-4F4FD02E27C4}.Release|Any CPU.ActiveCfg = Release|Any CPU
		{662BF085-0CA5-445A-98C3-4F4FD02E27C4}.Release|Any CPU.Build.0 = Release|Any CPU
	EndGlobalSection
	GlobalSection(SolutionProperties) = preSolution
		HideSolutionNode = FALSE
	EndGlobalSection
	GlobalSection(ExtensibilityGlobals) = postSolution
		SolutionGuid = {6CEC3E45-BE8B-4E7C-8200-22D9AF5256CA}
	EndGlobalSection
EndGlobal
