
Microsoft Visual Studio Solution File, Format Version 12.00
# Visual Studio Version 17
VisualStudioVersion = 17.4.33403.182
MinimumVisualStudioVersion = 10.0.40219.1
Project("{FAE04EC0-301F-11D3-BF4B-00C04F79EFBC}") = "Practical1(1)", "Practical1(1)\Practical1(1).csproj", "{4E3764A1-EDF4-4558-8284-10091C79BCC6}"
EndProject
Global
	GlobalSection(SolutionConfigurationPlatforms) = preSolution
		Debug|Any CPU = Debug|Any CPU
		Release|Any CPU = Release|Any CPU
	EndGlobalSection
	GlobalSection(ProjectConfigurationPlatforms) = postSolution
		{4E3764A1-EDF4-4558-8284-10091C79BCC6}.Debug|Any CPU.ActiveCfg = Debug|Any CPU
		{4E3764A1-EDF4-4558-8284-10091C79BCC6}.Debug|Any CPU.Build.0 = Debug|Any CPU
		{4E3764A1-EDF4-4558-8284-10091C79BCC6}.Release|Any CPU.ActiveCfg = Release|Any CPU
		{4E3764A1-EDF4-4558-8284-10091C79BCC6}.Release|Any CPU.Build.0 = Release|Any CPU
	EndGlobalSection
	GlobalSection(SolutionProperties) = preSolution
		HideSolutionNode = FALSE
	EndGlobalSection
	GlobalSection(ExtensibilityGlobals) = postSolution
		SolutionGuid = {7CBDE86B-8865-4E37-946B-8DCA0F1FAF57}
	EndGlobalSection
EndGlobal
