
Microsoft Visual Studio Solution File, Format Version 12.00
# Visual Studio Version 17
VisualStudioVersion = 17.4.33403.182
MinimumVisualStudioVersion = 10.0.40219.1
Project("{FAE04EC0-301F-11D3-BF4B-00C04F79EFBC}") = "if_statment", "if_statment\if_statment.csproj", "{23B50333-7461-497E-A7B9-730F480F63E8}"
EndProject
Global
	GlobalSection(SolutionConfigurationPlatforms) = preSolution
		Debug|Any CPU = Debug|Any CPU
		Release|Any CPU = Release|Any CPU
	EndGlobalSection
	GlobalSection(ProjectConfigurationPlatforms) = postSolution
		{23B50333-7461-497E-A7B9-730F480F63E8}.Debug|Any CPU.ActiveCfg = Debug|Any CPU
		{23B50333-7461-497E-A7B9-730F480F63E8}.Debug|Any CPU.Build.0 = Debug|Any CPU
		{23B50333-7461-497E-A7B9-730F480F63E8}.Release|Any CPU.ActiveCfg = Release|Any CPU
		{23B50333-7461-497E-A7B9-730F480F63E8}.Release|Any CPU.Build.0 = Release|Any CPU
	EndGlobalSection
	GlobalSection(SolutionProperties) = preSolution
		HideSolutionNode = FALSE
	EndGlobalSection
	GlobalSection(ExtensibilityGlobals) = postSolution
		SolutionGuid = {7022024A-1239-45F6-8EF9-F10A4976D86D}
	EndGlobalSection
EndGlobal
