
Microsoft Visual Studio Solution File, Format Version 12.00
# Visual Studio Version 17
VisualStudioVersion = 17.4.33403.182
MinimumVisualStudioVersion = 10.0.40219.1
Project("{FAE04EC0-301F-11D3-BF4B-00C04F79EFBC}") = "Arraylist", "Arraylist\Arraylist.csproj", "{B626BEC0-3EC6-4DBD-A4AF-82A6B07BCA92}"
EndProject
Global
	GlobalSection(SolutionConfigurationPlatforms) = preSolution
		Debug|Any CPU = Debug|Any CPU
		Release|Any CPU = Release|Any CPU
	EndGlobalSection
	GlobalSection(ProjectConfigurationPlatforms) = postSolution
		{B626BEC0-3EC6-4DBD-A4AF-82A6B07BCA92}.Debug|Any CPU.ActiveCfg = Debug|Any CPU
		{B626BEC0-3EC6-4DBD-A4AF-82A6B07BCA92}.Debug|Any CPU.Build.0 = Debug|Any CPU
		{B626BEC0-3EC6-4DBD-A4AF-82A6B07BCA92}.Release|Any CPU.ActiveCfg = Release|Any CPU
		{B626BEC0-3EC6-4DBD-A4AF-82A6B07BCA92}.Release|Any CPU.Build.0 = Release|Any CPU
	EndGlobalSection
	GlobalSection(SolutionProperties) = preSolution
		HideSolutionNode = FALSE
	EndGlobalSection
	GlobalSection(ExtensibilityGlobals) = postSolution
		SolutionGuid = {BB11AC52-71DA-44C8-9189-274751A8A03A}
	EndGlobalSection
EndGlobal
