
Microsoft Visual Studio Solution File, Format Version 12.00
# Visual Studio Version 17
VisualStudioVersion = 17.4.33403.182
MinimumVisualStudioVersion = 10.0.40219.1
Project("{FAE04EC0-301F-11D3-BF4B-00C04F79EFBC}") = "Jagged_array", "Jagged_array\Jagged_array.csproj", "{B9940A2E-ADFA-4CCE-86C9-A4753698F8B7}"
EndProject
Global
	GlobalSection(SolutionConfigurationPlatforms) = preSolution
		Debug|Any CPU = Debug|Any CPU
		Release|Any CPU = Release|Any CPU
	EndGlobalSection
	GlobalSection(ProjectConfigurationPlatforms) = postSolution
		{B9940A2E-ADFA-4CCE-86C9-A4753698F8B7}.Debug|Any CPU.ActiveCfg = Debug|Any CPU
		{B9940A2E-ADFA-4CCE-86C9-A4753698F8B7}.Debug|Any CPU.Build.0 = Debug|Any CPU
		{B9940A2E-ADFA-4CCE-86C9-A4753698F8B7}.Release|Any CPU.ActiveCfg = Release|Any CPU
		{B9940A2E-ADFA-4CCE-86C9-A4753698F8B7}.Release|Any CPU.Build.0 = Release|Any CPU
	EndGlobalSection
	GlobalSection(SolutionProperties) = preSolution
		HideSolutionNode = FALSE
	EndGlobalSection
	GlobalSection(ExtensibilityGlobals) = postSolution
		SolutionGuid = {C9E410BF-C928-45D9-AF59-8310E2549509}
	EndGlobalSection
EndGlobal
