
Microsoft Visual Studio Solution File, Format Version 12.00
# Visual Studio Version 17
VisualStudioVersion = 17.4.33403.182
MinimumVisualStudioVersion = 10.0.40219.1
Project("{FAE04EC0-301F-11D3-BF4B-00C04F79EFBC}") = "Access_Modifiers", "Access_Modifiers\Access_Modifiers.csproj", "{F76717D1-8AA0-45D5-A2D3-63044A194C1D}"
EndProject
Global
	GlobalSection(SolutionConfigurationPlatforms) = preSolution
		Debug|Any CPU = Debug|Any CPU
		Release|Any CPU = Release|Any CPU
	EndGlobalSection
	GlobalSection(ProjectConfigurationPlatforms) = postSolution
		{F76717D1-8AA0-45D5-A2D3-63044A194C1D}.Debug|Any CPU.ActiveCfg = Debug|Any CPU
		{F76717D1-8AA0-45D5-A2D3-63044A194C1D}.Debug|Any CPU.Build.0 = Debug|Any CPU
		{F76717D1-8AA0-45D5-A2D3-63044A194C1D}.Release|Any CPU.ActiveCfg = Release|Any CPU
		{F76717D1-8AA0-45D5-A2D3-63044A194C1D}.Release|Any CPU.Build.0 = Release|Any CPU
	EndGlobalSection
	GlobalSection(SolutionProperties) = preSolution
		HideSolutionNode = FALSE
	EndGlobalSection
	GlobalSection(ExtensibilityGlobals) = postSolution
		SolutionGuid = {E1427665-70AC-4AB9-9D69-4B804919A49A}
	EndGlobalSection
EndGlobal
